
Microsoft Visual Studio Solution File, Format Version 9.00
# Visual Studio 2005
Project("{FAE04EC0-301F-11D3-BF4B-00C04F79EFBC}") = "ContentService", "ContentService.csproj", "{98E0A275-CE44-47BB-8C8D-A654D6F3DF59}"
EndProject
Global
	GlobalSection(SolutionConfigurationPlatforms) = preSolution
		Debug|Any CPU = Debug|Any CPU
		Release|Any CPU = Release|Any CPU
	EndGlobalSection
	GlobalSection(ProjectConfigurationPlatforms) = postSolution
		{98E0A275-CE44-47BB-8C8D-A654D6F3DF59}.Debug|Any CPU.ActiveCfg = Debug|Any CPU
		{98E0A275-CE44-47BB-8C8D-A654D6F3DF59}.Debug|Any CPU.Build.0 = Debug|Any CPU
		{98E0A275-CE44-47BB-8C8D-A654D6F3DF59}.Release|Any CPU.ActiveCfg = Release|Any CPU
		{98E0A275-CE44-47BB-8C8D-A654D6F3DF59}.Release|Any CPU.Build.0 = Release|Any CPU
	EndGlobalSection
	GlobalSection(SolutionProperties) = preSolution
		HideSolutionNode = FALSE
	EndGlobalSection
EndGlobal
